
Microsoft Visual Studio Solution File, Format Version 12.00
# Visual Studio Version 16
VisualStudioVersion = 16.0.30517.126
MinimumVisualStudioVersion = 10.0.40219.1
Project("{8BC9CEB8-8B4A-11D0-8D11-00A0C91BC942}") = "Test2Client", "Test2Client.vcxproj", "{CE20ED29-7938-490E-AAF4-625B133CC06A}"
EndProject
Global
	GlobalSection(SolutionConfigurationPlatforms) = preSolution
		Debug|x64 = Debug|x64
		Debug|x86 = Debug|x86
		Release|x64 = Release|x64
		Release|x86 = Release|x86
	EndGlobalSection
	GlobalSection(ProjectConfigurationPlatforms) = postSolution
		{CE20ED29-7938-490E-AAF4-625B133CC06A}.Debug|x64.ActiveCfg = Debug|x64
		{CE20ED29-7938-490E-AAF4-625B133CC06A}.Debug|x64.Build.0 = Debug|x64
		{CE20ED29-7938-490E-AAF4-625B133CC06A}.Debug|x86.ActiveCfg = Debug|Win32
		{CE20ED29-7938-490E-AAF4-625B133CC06A}.Debug|x86.Build.0 = Debug|Win32
		{CE20ED29-7938-490E-AAF4-625B133CC06A}.Release|x64.ActiveCfg = Release|x64
		{CE20ED29-7938-490E-AAF4-625B133CC06A}.Release|x64.Build.0 = Release|x64
		{CE20ED29-7938-490E-AAF4-625B133CC06A}.Release|x86.ActiveCfg = Release|Win32
		{CE20ED29-7938-490E-AAF4-625B133CC06A}.Release|x86.Build.0 = Release|Win32
	EndGlobalSection
	GlobalSection(SolutionProperties) = preSolution
		HideSolutionNode = FALSE
	EndGlobalSection
	GlobalSection(ExtensibilityGlobals) = postSolution
		SolutionGuid = {26007F44-94A6-43F5-A1C5-B62F86FE70AE}
	EndGlobalSection
EndGlobal
